<?xml version="1.0" encoding="utf-8"?>
<Project ToolsVersion="Current" xmlns="http://schemas.microsoft.com/developer/msbuild/2003">
  <ItemGroup>
    <ClCompile Include="main.cpp" />
    <ClCompile Include="shader_program.cpp" />
    <ClCompile Include="shapes.cpp" />
    <ClCompile Include="window.cpp" />
  </ItemGroup>
  <ItemGroup>
    <ClInclude Include="shader_program.h" />
    <ClInclude Include="shapes.h" />
    <ClInclude Include="vertices_data.h" />
    <ClInclude Include="window.h" />
  </ItemGroup>
  <ItemGroup>
    <None Include="packages.config" />
    <None Include="shaders\basic.fs.glsl">
      <Filter>shaders</Filter>
    </None>
    <None Include="shaders\basic.vs.glsl">
      <Filter>shaders</Filter>
    </None>
    <None Include="shaders\color.fs.glsl">
      <Filter>shaders</Filter>
    </None>
    <None Include="shaders\color.vs.glsl">
      <Filter>shaders</Filter>
    </None>
    <None Include="shaders\transform.fs.glsl">
      <Filter>shaders</Filter>
    </None>
    <None Include="shaders\transform.vs.glsl">
      <Filter>shaders</Filter>
    </None>
  </ItemGroup>
  <ItemGroup>
    <Filter Include="shaders">
      <UniqueIdentifier>{1dfdcc80-3e11-4e19-aa77-f13dda3d49d3}</UniqueIdentifier>
    </Filter>
  </ItemGroup>
</Project>